
Microsoft Visual Studio Solution File, Format Version 12.00
# Visual Studio Version 17
VisualStudioVersion = 17.9.34616.47
MinimumVisualStudioVersion = 10.0.40219.1
Project("{FAE04EC0-301F-11D3-BF4B-00C04F79EFBC}") = "clima2.Android", "clima2.Android\clima2.Android.csproj", "{6263C91F-4C34-4C61-8DD8-6ADD350F62B9}"
EndProject
Project("{FAE04EC0-301F-11D3-BF4B-00C04F79EFBC}") = "clima2.iOS", "clima2.iOS\clima2.iOS.csproj", "{DE72A771-5F77-4332-AF43-6DDE2D29C4D4}"
EndProject
Project("{FAE04EC0-301F-11D3-BF4B-00C04F79EFBC}") = "clima2", "clima2\clima2.csproj", "{DAE02392-B0B2-4289-BA58-3B73CC6CF9C4}"
EndProject
Global
	GlobalSection(SolutionConfigurationPlatforms) = preSolution
		Debug|Any CPU = Debug|Any CPU
		Debug|iPhone = Debug|iPhone
		Debug|iPhoneSimulator = Debug|iPhoneSimulator
		Release|Any CPU = Release|Any CPU
		Release|iPhone = Release|iPhone
		Release|iPhoneSimulator = Release|iPhoneSimulator
	EndGlobalSection
	GlobalSection(ProjectConfigurationPlatforms) = postSolution
		{6263C91F-4C34-4C61-8DD8-6ADD350F62B9}.Debug|Any CPU.ActiveCfg = Debug|Any CPU
		{6263C91F-4C34-4C61-8DD8-6ADD350F62B9}.Debug|Any CPU.Build.0 = Debug|Any CPU
		{6263C91F-4C34-4C61-8DD8-6ADD350F62B9}.Debug|Any CPU.Deploy.0 = Debug|Any CPU
		{6263C91F-4C34-4C61-8DD8-6ADD350F62B9}.Debug|iPhone.ActiveCfg = Debug|Any CPU
		{6263C91F-4C34-4C61-8DD8-6ADD350F62B9}.Debug|iPhone.Build.0 = Debug|Any CPU
		{6263C91F-4C34-4C61-8DD8-6ADD350F62B9}.Debug|iPhone.Deploy.0 = Debug|Any CPU
		{6263C91F-4C34-4C61-8DD8-6ADD350F62B9}.Debug|iPhoneSimulator.ActiveCfg = Debug|Any CPU
		{6263C91F-4C34-4C61-8DD8-6ADD350F62B9}.Debug|iPhoneSimulator.Build.0 = Debug|Any CPU
		{6263C91F-4C34-4C61-8DD8-6ADD350F62B9}.Debug|iPhoneSimulator.Deploy.0 = Debug|Any CPU
		{6263C91F-4C34-4C61-8DD8-6ADD350F62B9}.Release|Any CPU.ActiveCfg = Release|Any CPU
		{6263C91F-4C34-4C61-8DD8-6ADD350F62B9}.Release|Any CPU.Build.0 = Release|Any CPU
		{6263C91F-4C34-4C61-8DD8-6ADD350F62B9}.Release|Any CPU.Deploy.0 = Release|Any CPU
		{6263C91F-4C34-4C61-8DD8-6ADD350F62B9}.Release|iPhone.ActiveCfg = Release|Any CPU
		{6263C91F-4C34-4C61-8DD8-6ADD350F62B9}.Release|iPhone.Build.0 = Release|Any CPU
		{6263C91F-4C34-4C61-8DD8-6ADD350F62B9}.Release|iPhone.Deploy.0 = Release|Any CPU
		{6263C91F-4C34-4C61-8DD8-6ADD350F62B9}.Release|iPhoneSimulator.ActiveCfg = Release|Any CPU
		{6263C91F-4C34-4C61-8DD8-6ADD350F62B9}.Release|iPhoneSimulator.Build.0 = Release|Any CPU
		{6263C91F-4C34-4C61-8DD8-6ADD350F62B9}.Release|iPhoneSimulator.Deploy.0 = Release|Any CPU
		{DE72A771-5F77-4332-AF43-6DDE2D29C4D4}.Debug|Any CPU.ActiveCfg = Debug|iPhone
		{DE72A771-5F77-4332-AF43-6DDE2D29C4D4}.Debug|Any CPU.Build.0 = Debug|iPhone
		{DE72A771-5F77-4332-AF43-6DDE2D29C4D4}.Debug|Any CPU.Deploy.0 = Debug|iPhone
		{DE72A771-5F77-4332-AF43-6DDE2D29C4D4}.Debug|iPhone.ActiveCfg = Debug|iPhone
		{DE72A771-5F77-4332-AF43-6DDE2D29C4D4}.Debug|iPhone.Build.0 = Debug|iPhone
		{DE72A771-5F77-4332-AF43-6DDE2D29C4D4}.Debug|iPhone.Deploy.0 = Debug|iPhone
		{DE72A771-5F77-4332-AF43-6DDE2D29C4D4}.Debug|iPhoneSimulator.ActiveCfg = Debug|iPhoneSimulator
		{DE72A771-5F77-4332-AF43-6DDE2D29C4D4}.Debug|iPhoneSimulator.Build.0 = Debug|iPhoneSimulator
		{DE72A771-5F77-4332-AF43-6DDE2D29C4D4}.Debug|iPhoneSimulator.Deploy.0 = Debug|iPhoneSimulator
		{DE72A771-5F77-4332-AF43-6DDE2D29C4D4}.Release|Any CPU.ActiveCfg = Release|iPhoneSimulator
		{DE72A771-5F77-4332-AF43-6DDE2D29C4D4}.Release|Any CPU.Build.0 = Release|iPhoneSimulator
		{DE72A771-5F77-4332-AF43-6DDE2D29C4D4}.Release|Any CPU.Deploy.0 = Release|iPhoneSimulator
		{DE72A771-5F77-4332-AF43-6DDE2D29C4D4}.Release|iPhone.ActiveCfg = Release|iPhone
		{DE72A771-5F77-4332-AF43-6DDE2D29C4D4}.Release|iPhone.Build.0 = Release|iPhone
		{DE72A771-5F77-4332-AF43-6DDE2D29C4D4}.Release|iPhone.Deploy.0 = Release|iPhone
		{DE72A771-5F77-4332-AF43-6DDE2D29C4D4}.Release|iPhoneSimulator.ActiveCfg = Release|iPhoneSimulator
		{DE72A771-5F77-4332-AF43-6DDE2D29C4D4}.Release|iPhoneSimulator.Build.0 = Release|iPhoneSimulator
		{DE72A771-5F77-4332-AF43-6DDE2D29C4D4}.Release|iPhoneSimulator.Deploy.0 = Release|iPhoneSimulator
		{DAE02392-B0B2-4289-BA58-3B73CC6CF9C4}.Debug|Any CPU.ActiveCfg = Debug|Any CPU
		{DAE02392-B0B2-4289-BA58-3B73CC6CF9C4}.Debug|Any CPU.Build.0 = Debug|Any CPU
		{DAE02392-B0B2-4289-BA58-3B73CC6CF9C4}.Debug|Any CPU.Deploy.0 = Debug|Any CPU
		{DAE02392-B0B2-4289-BA58-3B73CC6CF9C4}.Debug|iPhone.ActiveCfg = Debug|Any CPU
		{DAE02392-B0B2-4289-BA58-3B73CC6CF9C4}.Debug|iPhone.Build.0 = Debug|Any CPU
		{DAE02392-B0B2-4289-BA58-3B73CC6CF9C4}.Debug|iPhone.Deploy.0 = Debug|Any CPU
		{DAE02392-B0B2-4289-BA58-3B73CC6CF9C4}.Debug|iPhoneSimulator.ActiveCfg = Debug|Any CPU
		{DAE02392-B0B2-4289-BA58-3B73CC6CF9C4}.Debug|iPhoneSimulator.Build.0 = Debug|Any CPU
		{DAE02392-B0B2-4289-BA58-3B73CC6CF9C4}.Debug|iPhoneSimulator.Deploy.0 = Debug|Any CPU
		{DAE02392-B0B2-4289-BA58-3B73CC6CF9C4}.Release|Any CPU.ActiveCfg = Release|Any CPU
		{DAE02392-B0B2-4289-BA58-3B73CC6CF9C4}.Release|Any CPU.Build.0 = Release|Any CPU
		{DAE02392-B0B2-4289-BA58-3B73CC6CF9C4}.Release|Any CPU.Deploy.0 = Release|Any CPU
		{DAE02392-B0B2-4289-BA58-3B73CC6CF9C4}.Release|iPhone.ActiveCfg = Release|Any CPU
		{DAE02392-B0B2-4289-BA58-3B73CC6CF9C4}.Release|iPhone.Build.0 = Release|Any CPU
		{DAE02392-B0B2-4289-BA58-3B73CC6CF9C4}.Release|iPhone.Deploy.0 = Release|Any CPU
		{DAE02392-B0B2-4289-BA58-3B73CC6CF9C4}.Release|iPhoneSimulator.ActiveCfg = Release|Any CPU
		{DAE02392-B0B2-4289-BA58-3B73CC6CF9C4}.Release|iPhoneSimulator.Build.0 = Release|Any CPU
		{DAE02392-B0B2-4289-BA58-3B73CC6CF9C4}.Release|iPhoneSimulator.Deploy.0 = Release|Any CPU
	EndGlobalSection
	GlobalSection(SolutionProperties) = preSolution
		HideSolutionNode = FALSE
	EndGlobalSection
	GlobalSection(ExtensibilityGlobals) = postSolution
		SolutionGuid = {AC73FE79-BBA9-4063-81A1-DC6B84D91067}
	EndGlobalSection
EndGlobal
